// !$*UTF8*$!
{
	archiveVersion = 1;
	classes = {
	};
	objectVersion = 46;
	objects = {

/* Begin PBXBuildFile section */
		ACC596371DEC1E9500A06FF7 /* ObjectMapper.framework in Frameworks */ = {isa = PBXBuildFile; fileRef = D3828F4A1D4A125C00F70E02 /* ObjectMapper.framework */; };
		ACC5963A1DEC1F3600A06FF7 /* ManagedObjectAdapter.framework in Frameworks */ = {isa = PBXBuildFile; fileRef = ACC596391DEC1F3600A06FF7 /* ManagedObjectAdapter.framework */; };
		D3283CAE1D48812300E1B445 /* AppDelegate.swift in Sources */ = {isa = PBXBuildFile; fileRef = D3283CAD1D48812300E1B445 /* AppDelegate.swift */; };
		D3283CB01D48812300E1B445 /* ExampleViewController.swift in Sources */ = {isa = PBXBuildFile; fileRef = D3283CAF1D48812300E1B445 /* ExampleViewController.swift */; };
		D3283CB31D48812300E1B445 /* Main.storyboard in Resources */ = {isa = PBXBuildFile; fileRef = D3283CB11D48812300E1B445 /* Main.storyboard */; };
		D3283CB51D48812300E1B445 /* Assets.xcassets in Resources */ = {isa = PBXBuildFile; fileRef = D3283CB41D48812300E1B445 /* Assets.xcassets */; };
		D35FFC381D4A0196009AFE53 /* ManagedObjectAdapter.xcdatamodeld in Sources */ = {isa = PBXBuildFile; fileRef = D35FFC361D4A0196009AFE53 /* ManagedObjectAdapter.xcdatamodeld */; };
		D37EE7341D5B433200AA85B5 /* ArrayValueTransformer.swift in Sources */ = {isa = PBXBuildFile; fileRef = D37EE7331D5B433200AA85B5 /* ArrayValueTransformer.swift */; };
		D38016DA1D5B0EE7004DB625 /* ObjectValueTransformer.swift in Sources */ = {isa = PBXBuildFile; fileRef = D38016D91D5B0EE7004DB625 /* ObjectValueTransformer.swift */; };
		D3828F3C1D4A0E7E00F70E02 /* events.json in Resources */ = {isa = PBXBuildFile; fileRef = D3828F391D4A0E7E00F70E02 /* events.json */; };
		D3828F3D1D4A0E7E00F70E02 /* organizations.json in Resources */ = {isa = PBXBuildFile; fileRef = D3828F3A1D4A0E7E00F70E02 /* organizations.json */; };
		D3828F3E1D4A0E7E00F70E02 /* projects.json in Resources */ = {isa = PBXBuildFile; fileRef = D3828F3B1D4A0E7E00F70E02 /* projects.json */; };
		D3828F401D4A0ECF00F70E02 /* Event.swift in Sources */ = {isa = PBXBuildFile; fileRef = D3828F3F1D4A0ECF00F70E02 /* Event.swift */; };
		D3828F421D4A0EE300F70E02 /* Organization.swift in Sources */ = {isa = PBXBuildFile; fileRef = D3828F411D4A0EE300F70E02 /* Organization.swift */; };
		D3828F441D4A0EFA00F70E02 /* Project.swift in Sources */ = {isa = PBXBuildFile; fileRef = D3828F431D4A0EFA00F70E02 /* Project.swift */; };
		D3828F461D4A102400F70E02 /* ModelObject.swift in Sources */ = {isa = PBXBuildFile; fileRef = D3828F451D4A102400F70E02 /* ModelObject.swift */; };
		D3828F481D4A10DA00F70E02 /* Cartfile in Resources */ = {isa = PBXBuildFile; fileRef = D3828F471D4A10DA00F70E02 /* Cartfile */; };
		D3828F4D1D4A192000F70E02 /* Recurrence.swift in Sources */ = {isa = PBXBuildFile; fileRef = D3828F4C1D4A192000F70E02 /* Recurrence.swift */; };
		D3828F4F1D4A26CE00F70E02 /* ProjectsViewController.swift in Sources */ = {isa = PBXBuildFile; fileRef = D3828F4E1D4A26CE00F70E02 /* ProjectsViewController.swift */; };
		D3828F511D4A280E00F70E02 /* EventsViewController.swift in Sources */ = {isa = PBXBuildFile; fileRef = D3828F501D4A280E00F70E02 /* EventsViewController.swift */; };
		D3828F531D4A321E00F70E02 /* ManagedObject.swift in Sources */ = {isa = PBXBuildFile; fileRef = D3828F521D4A321E00F70E02 /* ManagedObject.swift */; };
		D3D74D0F1D4B2A2C005C4436 /* CoreDataManager.swift in Sources */ = {isa = PBXBuildFile; fileRef = D3D74D0E1D4B2A2C005C4436 /* CoreDataManager.swift */; };
/* End PBXBuildFile section */

/* Begin PBXCopyFilesBuildPhase section */
		D3283CC71D4883AF00E1B445 /* Embed Frameworks */ = {
			isa = PBXCopyFilesBuildPhase;
			buildActionMask = 2147483647;
			dstPath = "";
			dstSubfolderSpec = 10;
			files = (
			);
			name = "Embed Frameworks";
			runOnlyForDeploymentPostprocessing = 0;
		};
/* End PBXCopyFilesBuildPhase section */

/* Begin PBXFileReference section */
		ACC596391DEC1F3600A06FF7 /* ManagedObjectAdapter.framework */ = {isa = PBXFileReference; lastKnownFileType = wrapper.framework; name = ManagedObjectAdapter.framework; path = "../../../Library/Developer/Xcode/DerivedData/ManagedObjectAdapter-gwekkrcwhkqlwmboppewrhqiimyz/Build/Products/Debug-iphonesimulator/ManagedObjectAdapter.framework"; sourceTree = "<group>"; };
		D3283CAA1D48812300E1B445 /* Example.app */ = {isa = PBXFileReference; explicitFileType = wrapper.application; includeInIndex = 0; path = Example.app; sourceTree = BUILT_PRODUCTS_DIR; };
		D3283CAD1D48812300E1B445 /* AppDelegate.swift */ = {isa = PBXFileReference; lastKnownFileType = sourcecode.swift; path = AppDelegate.swift; sourceTree = "<group>"; };
		D3283CAF1D48812300E1B445 /* ExampleViewController.swift */ = {isa = PBXFileReference; lastKnownFileType = sourcecode.swift; path = ExampleViewController.swift; sourceTree = "<group>"; };
		D3283CB21D48812300E1B445 /* Base */ = {isa = PBXFileReference; lastKnownFileType = file.storyboard; name = Base; path = Base.lproj/Main.storyboard; sourceTree = "<group>"; };
		D3283CB41D48812300E1B445 /* Assets.xcassets */ = {isa = PBXFileReference; lastKnownFileType = folder.assetcatalog; path = Assets.xcassets; sourceTree = "<group>"; };
		D3283CB91D48812300E1B445 /* Info.plist */ = {isa = PBXFileReference; lastKnownFileType = text.plist.xml; path = Info.plist; sourceTree = "<group>"; };
		D35FFC371D4A0196009AFE53 /* ManagedObjectAdapter.xcdatamodel */ = {isa = PBXFileReference; lastKnownFileType = wrapper.xcdatamodel; path = ManagedObjectAdapter.xcdatamodel; sourceTree = "<group>"; };
		D37EE7331D5B433200AA85B5 /* ArrayValueTransformer.swift */ = {isa = PBXFileReference; fileEncoding = 4; lastKnownFileType = sourcecode.swift; path = ArrayValueTransformer.swift; sourceTree = "<group>"; };
		D38016D91D5B0EE7004DB625 /* ObjectValueTransformer.swift */ = {isa = PBXFileReference; fileEncoding = 4; lastKnownFileType = sourcecode.swift; path = ObjectValueTransformer.swift; sourceTree = "<group>"; };
		D3828F391D4A0E7E00F70E02 /* events.json */ = {isa = PBXFileReference; fileEncoding = 4; lastKnownFileType = text.json; path = events.json; sourceTree = "<group>"; };
		D3828F3A1D4A0E7E00F70E02 /* organizations.json */ = {isa = PBXFileReference; fileEncoding = 4; lastKnownFileType = text.json; path = organizations.json; sourceTree = "<group>"; };
		D3828F3B1D4A0E7E00F70E02 /* projects.json */ = {isa = PBXFileReference; fileEncoding = 4; lastKnownFileType = text.json; path = projects.json; sourceTree = "<group>"; };
		D3828F3F1D4A0ECF00F70E02 /* Event.swift */ = {isa = PBXFileReference; fileEncoding = 4; lastKnownFileType = sourcecode.swift; path = Event.swift; sourceTree = "<group>"; };
		D3828F411D4A0EE300F70E02 /* Organization.swift */ = {isa = PBXFileReference; fileEncoding = 4; lastKnownFileType = sourcecode.swift; path = Organization.swift; sourceTree = "<group>"; };
		D3828F431D4A0EFA00F70E02 /* Project.swift */ = {isa = PBXFileReference; fileEncoding = 4; lastKnownFileType = sourcecode.swift; path = Project.swift; sourceTree = "<group>"; };
		D3828F451D4A102400F70E02 /* ModelObject.swift */ = {isa = PBXFileReference; fileEncoding = 4; lastKnownFileType = sourcecode.swift; path = ModelObject.swift; sourceTree = "<group>"; };
		D3828F471D4A10DA00F70E02 /* Cartfile */ = {isa = PBXFileReference; fileEncoding = 4; lastKnownFileType = text; path = Cartfile; sourceTree = "<group>"; };
		D3828F4A1D4A125C00F70E02 /* ObjectMapper.framework */ = {isa = PBXFileReference; lastKnownFileType = wrapper.framework; name = ObjectMapper.framework; path = Example/Carthage/Build/iOS/ObjectMapper.framework; sourceTree = "<group>"; };
		D3828F4C1D4A192000F70E02 /* Recurrence.swift */ = {isa = PBXFileReference; fileEncoding = 4; lastKnownFileType = sourcecode.swift; path = Recurrence.swift; sourceTree = "<group>"; };
		D3828F4E1D4A26CE00F70E02 /* ProjectsViewController.swift */ = {isa = PBXFileReference; fileEncoding = 4; lastKnownFileType = sourcecode.swift; path = ProjectsViewController.swift; sourceTree = "<group>"; };
		D3828F501D4A280E00F70E02 /* EventsViewController.swift */ = {isa = PBXFileReference; fileEncoding = 4; lastKnownFileType = sourcecode.swift; path = EventsViewController.swift; sourceTree = "<group>"; };
		D3828F521D4A321E00F70E02 /* ManagedObject.swift */ = {isa = PBXFileReference; fileEncoding = 4; lastKnownFileType = sourcecode.swift; path = ManagedObject.swift; sourceTree = "<group>"; };
		D3D74D0E1D4B2A2C005C4436 /* CoreDataManager.swift */ = {isa = PBXFileReference; fileEncoding = 4; lastKnownFileType = sourcecode.swift; path = CoreDataManager.swift; sourceTree = "<group>"; };
/* End PBXFileReference section */

/* Begin PBXFrameworksBuildPhase section */
		D3283CA71D48812300E1B445 /* Frameworks */ = {
			isa = PBXFrameworksBuildPhase;
			buildActionMask = 2147483647;
			files = (
				ACC5963A1DEC1F3600A06FF7 /* ManagedObjectAdapter.framework in Frameworks */,
				ACC596371DEC1E9500A06FF7 /* ObjectMapper.framework in Frameworks */,
			);
			runOnlyForDeploymentPostprocessing = 0;
		};
/* End PBXFrameworksBuildPhase section */

/* Begin PBXGroup section */
		ACC596381DEC1F3500A06FF7 /* Frameworks */ = {
			isa = PBXGroup;
			children = (
				ACC596391DEC1F3600A06FF7 /* ManagedObjectAdapter.framework */,
			);
			name = Frameworks;
			sourceTree = "<group>";
		};
		D3283CA11D48812300E1B445 = {
			isa = PBXGroup;
			children = (
				D3828F4A1D4A125C00F70E02 /* ObjectMapper.framework */,
				D3283CAC1D48812300E1B445 /* Example */,
				D3283CAB1D48812300E1B445 /* Products */,
				ACC596381DEC1F3500A06FF7 /* Frameworks */,
			);
			sourceTree = "<group>";
		};
		D3283CAB1D48812300E1B445 /* Products */ = {
			isa = PBXGroup;
			children = (
				D3283CAA1D48812300E1B445 /* Example.app */,
			);
			name = Products;
			sourceTree = "<group>";
		};
		D3283CAC1D48812300E1B445 /* Example */ = {
			isa = PBXGroup;
			children = (
				D3828F471D4A10DA00F70E02 /* Cartfile */,
				D3828F371D4A0E4B00F70E02 /* Resources */,
				D3828F381D4A0E5C00F70E02 /* Models */,
				D38016D61D5B0E47004DB625 /* Transformers */,
				D3283CAD1D48812300E1B445 /* AppDelegate.swift */,
				D3283CAF1D48812300E1B445 /* ExampleViewController.swift */,
				D3828F4E1D4A26CE00F70E02 /* ProjectsViewController.swift */,
				D3828F501D4A280E00F70E02 /* EventsViewController.swift */,
				D3283CB11D48812300E1B445 /* Main.storyboard */,
				D3283CB41D48812300E1B445 /* Assets.xcassets */,
				D35FFC361D4A0196009AFE53 /* ManagedObjectAdapter.xcdatamodeld */,
				D3283CB91D48812300E1B445 /* Info.plist */,
			);
			path = Example;
			sourceTree = "<group>";
		};
		D38016D61D5B0E47004DB625 /* Transformers */ = {
			isa = PBXGroup;
			children = (
				D38016D91D5B0EE7004DB625 /* ObjectValueTransformer.swift */,
				D37EE7331D5B433200AA85B5 /* ArrayValueTransformer.swift */,
			);
			path = Transformers;
			sourceTree = "<group>";
		};
		D3828F371D4A0E4B00F70E02 /* Resources */ = {
			isa = PBXGroup;
			children = (
				D3828F3A1D4A0E7E00F70E02 /* organizations.json */,
				D3828F3B1D4A0E7E00F70E02 /* projects.json */,
				D3828F391D4A0E7E00F70E02 /* events.json */,
			);
			path = Resources;
			sourceTree = "<group>";
		};
		D3828F381D4A0E5C00F70E02 /* Models */ = {
			isa = PBXGroup;
			children = (
				D3828F451D4A102400F70E02 /* ModelObject.swift */,
				D3828F521D4A321E00F70E02 /* ManagedObject.swift */,
				D3D74D0E1D4B2A2C005C4436 /* CoreDataManager.swift */,
				D3828F411D4A0EE300F70E02 /* Organization.swift */,
				D3828F431D4A0EFA00F70E02 /* Project.swift */,
				D3828F3F1D4A0ECF00F70E02 /* Event.swift */,
				D3828F4C1D4A192000F70E02 /* Recurrence.swift */,
			);
			path = Models;
			sourceTree = "<group>";
		};
/* End PBXGroup section */

/* Begin PBXNativeTarget section */
		D3283CA91D48812300E1B445 /* Example */ = {
			isa = PBXNativeTarget;
			buildConfigurationList = D3283CBC1D48812300E1B445 /* Build configuration list for PBXNativeTarget "Example" */;
			buildPhases = (
				D3283CA61D48812300E1B445 /* Sources */,
				D3283CA71D48812300E1B445 /* Frameworks */,
				D3283CA81D48812300E1B445 /* Resources */,
				D3283CC71D4883AF00E1B445 /* Embed Frameworks */,
				D3828F491D4A114300F70E02 /* ShellScript */,
			);
			buildRules = (
			);
			dependencies = (
			);
			name = Example;
			productName = Example;
			productReference = D3283CAA1D48812300E1B445 /* Example.app */;
			productType = "com.apple.product-type.application";
		};
/* End PBXNativeTarget section */

/* Begin PBXProject section */
		D3283CA21D48812300E1B445 /* Project object */ = {
			isa = PBXProject;
			attributes = {
				LastSwiftUpdateCheck = 0730;
				LastUpgradeCheck = 0930;
				ORGANIZATIONNAME = Teambition;
				TargetAttributes = {
					D3283CA91D48812300E1B445 = {
						CreatedOnToolsVersion = 7.3.1;
						LastSwiftMigration = 0900;
					};
				};
			};
			buildConfigurationList = D3283CA51D48812300E1B445 /* Build configuration list for PBXProject "Example" */;
			compatibilityVersion = "Xcode 3.2";
			developmentRegion = English;
			hasScannedForEncodings = 0;
			knownRegions = (
				en,
				Base,
			);
			mainGroup = D3283CA11D48812300E1B445;
			productRefGroup = D3283CAB1D48812300E1B445 /* Products */;
			projectDirPath = "";
			projectRoot = "";
			targets = (
				D3283CA91D48812300E1B445 /* Example */,
			);
		};
/* End PBXProject section */

/* Begin PBXResourcesBuildPhase section */
		D3283CA81D48812300E1B445 /* Resources */ = {
			isa = PBXResourcesBuildPhase;
			buildActionMask = 2147483647;
			files = (
				D3828F481D4A10DA00F70E02 /* Cartfile in Resources */,
				D3283CB51D48812300E1B445 /* Assets.xcassets in Resources */,
				D3283CB31D48812300E1B445 /* Main.storyboard in Resources */,
				D3828F3E1D4A0E7E00F70E02 /* projects.json in Resources */,
				D3828F3D1D4A0E7E00F70E02 /* organizations.json in Resources */,
				D3828F3C1D4A0E7E00F70E02 /* events.json in Resources */,
			);
			runOnlyForDeploymentPostprocessing = 0;
		};
/* End PBXResourcesBuildPhase section */

/* Begin PBXShellScriptBuildPhase section */
		D3828F491D4A114300F70E02 /* ShellScript */ = {
			isa = PBXShellScriptBuildPhase;
			buildActionMask = 2147483647;
			files = (
			);
			inputPaths = (
				"$(SRCROOT)/Example/Carthage/Build/iOS/ObjectMapper.framework",
			);
			outputPaths = (
			);
			runOnlyForDeploymentPostprocessing = 0;
			shellPath = /bin/sh;
			shellScript = "/usr/local/bin/carthage copy-frameworks";
		};
/* End PBXShellScriptBuildPhase section */

/* Begin PBXSourcesBuildPhase section */
		D3283CA61D48812300E1B445 /* Sources */ = {
			isa = PBXSourcesBuildPhase;
			buildActionMask = 2147483647;
			files = (
				D3828F401D4A0ECF00F70E02 /* Event.swift in Sources */,
				D38016DA1D5B0EE7004DB625 /* ObjectValueTransformer.swift in Sources */,
				D3828F4D1D4A192000F70E02 /* Recurrence.swift in Sources */,
				D3828F531D4A321E00F70E02 /* ManagedObject.swift in Sources */,
				D3828F461D4A102400F70E02 /* ModelObject.swift in Sources */,
				D3D74D0F1D4B2A2C005C4436 /* CoreDataManager.swift in Sources */,
				D3828F4F1D4A26CE00F70E02 /* ProjectsViewController.swift in Sources */,
				D3283CB01D48812300E1B445 /* ExampleViewController.swift in Sources */,
				D3283CAE1D48812300E1B445 /* AppDelegate.swift in Sources */,
				D3828F421D4A0EE300F70E02 /* Organization.swift in Sources */,
				D35FFC381D4A0196009AFE53 /* ManagedObjectAdapter.xcdatamodeld in Sources */,
				D3828F441D4A0EFA00F70E02 /* Project.swift in Sources */,
				D37EE7341D5B433200AA85B5 /* ArrayValueTransformer.swift in Sources */,
				D3828F511D4A280E00F70E02 /* EventsViewController.swift in Sources */,
			);
			runOnlyForDeploymentPostprocessing = 0;
		};
/* End PBXSourcesBuildPhase section */

/* Begin PBXVariantGroup section */
		D3283CB11D48812300E1B445 /* Main.storyboard */ = {
			isa = PBXVariantGroup;
			children = (
				D3283CB21D48812300E1B445 /* Base */,
			);
			name = Main.storyboard;
			sourceTree = "<group>";
		};
/* End PBXVariantGroup section */

/* Begin XCBuildConfiguration section */
		D3283CBA1D48812300E1B445 /* Debug */ = {
			isa = XCBuildConfiguration;
			buildSettings = {
				ALWAYS_SEARCH_USER_PATHS = NO;
				CLANG_ANALYZER_NONNULL = YES;
				CLANG_CXX_LANGUAGE_STANDARD = "gnu++0x";
				CLANG_CXX_LIBRARY = "libc++";
				CLANG_ENABLE_MODULES = YES;
				CLANG_ENABLE_OBJC_ARC = YES;
				CLANG_WARN_BLOCK_CAPTURE_AUTORELEASING = YES;
				CLANG_WARN_BOOL_CONVERSION = YES;
				CLANG_WARN_COMMA = YES;
				CLANG_WARN_CONSTANT_CONVERSION = YES;
				CLANG_WARN_DEPRECATED_OBJC_IMPLEMENTATIONS = YES;
				CLANG_WARN_DIRECT_OBJC_ISA_USAGE = YES_ERROR;
				CLANG_WARN_EMPTY_BODY = YES;
				CLANG_WARN_ENUM_CONVERSION = YES;
				CLANG_WARN_INFINITE_RECURSION = YES;
				CLANG_WARN_INT_CONVERSION = YES;
				CLANG_WARN_NON_LITERAL_NULL_CONVERSION = YES;
				CLANG_WARN_OBJC_IMPLICIT_RETAIN_SELF = YES;
				CLANG_WARN_OBJC_LITERAL_CONVERSION = YES;
				CLANG_WARN_OBJC_ROOT_CLASS = YES_ERROR;
				CLANG_WARN_RANGE_LOOP_ANALYSIS = YES;
				CLANG_WARN_STRICT_PROTOTYPES = YES;
				CLANG_WARN_SUSPICIOUS_MOVE = YES;
				CLANG_WARN_UNREACHABLE_CODE = YES;
				CLANG_WARN__DUPLICATE_METHOD_MATCH = YES;
				"CODE_SIGN_IDENTITY[sdk=iphoneos*]" = "iPhone Developer";
				COPY_PHASE_STRIP = NO;
				DEBUG_INFORMATION_FORMAT = dwarf;
				ENABLE_STRICT_OBJC_MSGSEND = YES;
				ENABLE_TESTABILITY = YES;
				GCC_C_LANGUAGE_STANDARD = gnu99;
				GCC_DYNAMIC_NO_PIC = NO;
				GCC_NO_COMMON_BLOCKS = YES;
				GCC_OPTIMIZATION_LEVEL = 0;
				GCC_PREPROCESSOR_DEFINITIONS = (
					"DEBUG=1",
					"$(inherited)",
				);
				GCC_WARN_64_TO_32_BIT_CONVERSION = YES;
				GCC_WARN_ABOUT_RETURN_TYPE = YES_ERROR;
				GCC_WARN_UNDECLARED_SELECTOR = YES;
				GCC_WARN_UNINITIALIZED_AUTOS = YES_AGGRESSIVE;
				GCC_WARN_UNUSED_FUNCTION = YES;
				GCC_WARN_UNUSED_VARIABLE = YES;
				IPHONEOS_DEPLOYMENT_TARGET = 8.0;
				MTL_ENABLE_DEBUG_INFO = YES;
				ONLY_ACTIVE_ARCH = YES;
				SDKROOT = iphoneos;
				SWIFT_OPTIMIZATION_LEVEL = "-Onone";
				TARGETED_DEVICE_FAMILY = "1,2";
			};
			name = Debug;
		};
		D3283CBB1D48812300E1B445 /* Release */ = {
			isa = XCBuildConfiguration;
			buildSettings = {
				ALWAYS_SEARCH_USER_PATHS = NO;
				CLANG_ANALYZER_NONNULL = YES;
				CLANG_CXX_LANGUAGE_STANDARD = "gnu++0x";
				CLANG_CXX_LIBRARY = "libc++";
				CLANG_ENABLE_MODULES = YES;
				CLANG_ENABLE_OBJC_ARC = YES;
				CLANG_WARN_BLOCK_CAPTURE_AUTORELEASING = YES;
				CLANG_WARN_BOOL_CONVERSION = YES;
				CLANG_WARN_COMMA = YES;
				CLANG_WARN_CONSTANT_CONVERSION = YES;
				CLANG_WARN_DEPRECATED_OBJC_IMPLEMENTATIONS = YES;
				CLANG_WARN_DIRECT_OBJC_ISA_USAGE = YES_ERROR;
				CLANG_WARN_EMPTY_BODY = YES;
				CLANG_WARN_ENUM_CONVERSION = YES;
				CLANG_WARN_INFINITE_RECURSION = YES;
				CLANG_WARN_INT_CONVERSION = YES;
				CLANG_WARN_NON_LITERAL_NULL_CONVERSION = YES;
				CLANG_WARN_OBJC_IMPLICIT_RETAIN_SELF = YES;
				CLANG_WARN_OBJC_LITERAL_CONVERSION = YES;
				CLANG_WARN_OBJC_ROOT_CLASS = YES_ERROR;
				CLANG_WARN_RANGE_LOOP_ANALYSIS = YES;
				CLANG_WARN_STRICT_PROTOTYPES = YES;
				CLANG_WARN_SUSPICIOUS_MOVE = YES;
				CLANG_WARN_UNREACHABLE_CODE = YES;
				CLANG_WARN__DUPLICATE_METHOD_MATCH = YES;
				"CODE_SIGN_IDENTITY[sdk=iphoneos*]" = "iPhone Developer";
				COPY_PHASE_STRIP = NO;
				DEBUG_INFORMATION_FORMAT = "dwarf-with-dsym";
				ENABLE_NS_ASSERTIONS = NO;
				ENABLE_STRICT_OBJC_MSGSEND = YES;
				GCC_C_LANGUAGE_STANDARD = gnu99;
				GCC_NO_COMMON_BLOCKS = YES;
				GCC_WARN_64_TO_32_BIT_CONVERSION = YES;
				GCC_WARN_ABOUT_RETURN_TYPE = YES_ERROR;
				GCC_WARN_UNDECLARED_SELECTOR = YES;
				GCC_WARN_UNINITIALIZED_AUTOS = YES_AGGRESSIVE;
				GCC_WARN_UNUSED_FUNCTION = YES;
				GCC_WARN_UNUSED_VARIABLE = YES;
				IPHONEOS_DEPLOYMENT_TARGET = 8.0;
				MTL_ENABLE_DEBUG_INFO = NO;
				SDKROOT = iphoneos;
				SWIFT_OPTIMIZATION_LEVEL = "-Owholemodule";
				TARGETED_DEVICE_FAMILY = "1,2";
				VALIDATE_PRODUCT = YES;
			};
			name = Release;
		};
		D3283CBD1D48812300E1B445 /* Debug */ = {
			isa = XCBuildConfiguration;
			buildSettings = {
				ASSETCATALOG_COMPILER_APPICON_NAME = AppIcon;
				FRAMEWORK_SEARCH_PATHS = (
					"$(inherited)",
					"$(PROJECT_DIR)/Example/Carthage/Build/iOS",
				);
				INFOPLIST_FILE = Example/Info.plist;
				LD_RUNPATH_SEARCH_PATHS = "$(inherited) @executable_path/Frameworks";
				PRODUCT_BUNDLE_IDENTIFIER = Teambition.ManagedObjectAdapter.Example;
				PRODUCT_NAME = "$(TARGET_NAME)";
				SWIFT_SWIFT3_OBJC_INFERENCE = Default;
				SWIFT_VERSION = 4.0;
			};
			name = Debug;
		};
		D3283CBE1D48812300E1B445 /* Release */ = {
			isa = XCBuildConfiguration;
			buildSettings = {
				ASSETCATALOG_COMPILER_APPICON_NAME = AppIcon;
				FRAMEWORK_SEARCH_PATHS = (
					"$(inherited)",
					"$(PROJECT_DIR)/Example/Carthage/Build/iOS",
				);
				INFOPLIST_FILE = Example/Info.plist;
				LD_RUNPATH_SEARCH_PATHS = "$(inherited) @executable_path/Frameworks";
				PRODUCT_BUNDLE_IDENTIFIER = Teambition.ManagedObjectAdapter.Example;
				PRODUCT_NAME = "$(TARGET_NAME)";
				SWIFT_SWIFT3_OBJC_INFERENCE = Default;
				SWIFT_VERSION = 4.0;
			};
			name = Release;
		};
/* End XCBuildConfiguration section */

/* Begin XCConfigurationList section */
		D3283CA51D48812300E1B445 /* Build configuration list for PBXProject "Example" */ = {
			isa = XCConfigurationList;
			buildConfigurations = (
				D3283CBA1D48812300E1B445 /* Debug */,
				D3283CBB1D48812300E1B445 /* Release */,
			);
			defaultConfigurationIsVisible = 0;
			defaultConfigurationName = Release;
		};
		D3283CBC1D48812300E1B445 /* Build configuration list for PBXNativeTarget "Example" */ = {
			isa = XCConfigurationList;
			buildConfigurations = (
				D3283CBD1D48812300E1B445 /* Debug */,
				D3283CBE1D48812300E1B445 /* Release */,
			);
			defaultConfigurationIsVisible = 0;
			defaultConfigurationName = Release;
		};
/* End XCConfigurationList section */

/* Begin XCVersionGroup section */
		D35FFC361D4A0196009AFE53 /* ManagedObjectAdapter.xcdatamodeld */ = {
			isa = XCVersionGroup;
			children = (
				D35FFC371D4A0196009AFE53 /* ManagedObjectAdapter.xcdatamodel */,
			);
			currentVersion = D35FFC371D4A0196009AFE53 /* ManagedObjectAdapter.xcdatamodel */;
			path = ManagedObjectAdapter.xcdatamodeld;
			sourceTree = "<group>";
			versionGroupType = wrapper.xcdatamodel;
		};
/* End XCVersionGroup section */
	};
	rootObject = D3283CA21D48812300E1B445 /* Project object */;
}
